
Microsoft Visual Studio Solution File, Format Version 12.00
# Visual Studio Version 16
VisualStudioVersion = 16.0.30114.105
MinimumVisualStudioVersion = 10.0.40219.1
Project("{9A19103F-16F7-4668-BE54-9A1E7A4F7556}") = "Notes.Api", "Notes.Api\Notes.Api.csproj", "{0B00B45F-8DDA-46D7-94FB-9A5D2BA9ED97}"
EndProject
Project("{9A19103F-16F7-4668-BE54-9A1E7A4F7556}") = "Notes.Database", "Notes.Database\Notes.Database.csproj", "{4A4EE07E-C909-4A0A-A219-FA434514660B}"
EndProject
Project("{9A19103F-16F7-4668-BE54-9A1E7A4F7556}") = "Notes.Infrastructure", "Notes.Infrastructure\Notes.Infrastructure.csproj", "{531DC9C1-447A-4AB7-AA55-42C0818FC2FB}"
EndProject
Project("{9A19103F-16F7-4668-BE54-9A1E7A4F7556}") = "Notes.Models", "Notes.Models\Notes.Models.csproj", "{3A62527E-7EC1-483A-811D-54EE9BDD6197}"
EndProject
Project("{2150E333-8FDC-42A3-9474-1A3956D46DE8}") = "Notes.UI", "Notes.UI", "{383C9FB0-B2C5-49C0-B202-FC926A307A98}"
EndProject
Project("{2150E333-8FDC-42A3-9474-1A3956D46DE8}") = "Notes.UI.MobileUI", "Notes.UI.MobileUI", "{7AA8B22E-1E61-4052-A73D-5AA9417D1E0C}"
EndProject
Project("{FAE04EC0-301F-11D3-BF4B-00C04F79EFBC}") = "Notes.Mobile.UWP", "Notes.Mobile\Notes.Mobile.UWP\Notes.Mobile.UWP.csproj", "{7607660D-3FA8-4F70-BF63-095ACBF1ED08}"
EndProject
Project("{FAE04EC0-301F-11D3-BF4B-00C04F79EFBC}") = "Notes.Mobile.Android", "Notes.Mobile\Notes.Mobile.Android\Notes.Mobile.Android.csproj", "{4CA6AF4F-D6BF-4D80-9E7F-219FF6ACE068}"
EndProject
Project("{FAE04EC0-301F-11D3-BF4B-00C04F79EFBC}") = "Notes.Mobile.iOS", "Notes.Mobile\Notes.Mobile.iOS\Notes.Mobile.iOS.csproj", "{1A01F1FE-6090-4E76-A357-0F537BBFCAD0}"
EndProject
Project("{FAE04EC0-301F-11D3-BF4B-00C04F79EFBC}") = "Notes.Mobile", "Notes.Mobile\Notes.Mobile\Notes.Mobile.csproj", "{3FB25C16-3259-4E6B-A205-F3328FC2B9B4}"
EndProject
Global
	GlobalSection(SolutionConfigurationPlatforms) = preSolution
		Debug|Any CPU = Debug|Any CPU
		Debug|ARM = Debug|ARM
		Debug|iPhone = Debug|iPhone
		Debug|iPhoneSimulator = Debug|iPhoneSimulator
		Debug|x64 = Debug|x64
		Debug|x86 = Debug|x86
		Release|Any CPU = Release|Any CPU
		Release|ARM = Release|ARM
		Release|iPhone = Release|iPhone
		Release|iPhoneSimulator = Release|iPhoneSimulator
		Release|x64 = Release|x64
		Release|x86 = Release|x86
	EndGlobalSection
	GlobalSection(ProjectConfigurationPlatforms) = postSolution
		{0B00B45F-8DDA-46D7-94FB-9A5D2BA9ED97}.Debug|Any CPU.ActiveCfg = Debug|Any CPU
		{0B00B45F-8DDA-46D7-94FB-9A5D2BA9ED97}.Debug|Any CPU.Build.0 = Debug|Any CPU
		{0B00B45F-8DDA-46D7-94FB-9A5D2BA9ED97}.Debug|ARM.ActiveCfg = Debug|Any CPU
		{0B00B45F-8DDA-46D7-94FB-9A5D2BA9ED97}.Debug|ARM.Build.0 = Debug|Any CPU
		{0B00B45F-8DDA-46D7-94FB-9A5D2BA9ED97}.Debug|iPhone.ActiveCfg = Debug|Any CPU
		{0B00B45F-8DDA-46D7-94FB-9A5D2BA9ED97}.Debug|iPhone.Build.0 = Debug|Any CPU
		{0B00B45F-8DDA-46D7-94FB-9A5D2BA9ED97}.Debug|iPhoneSimulator.ActiveCfg = Debug|Any CPU
		{0B00B45F-8DDA-46D7-94FB-9A5D2BA9ED97}.Debug|iPhoneSimulator.Build.0 = Debug|Any CPU
		{0B00B45F-8DDA-46D7-94FB-9A5D2BA9ED97}.Debug|x64.ActiveCfg = Debug|Any CPU
		{0B00B45F-8DDA-46D7-94FB-9A5D2BA9ED97}.Debug|x64.Build.0 = Debug|Any CPU
		{0B00B45F-8DDA-46D7-94FB-9A5D2BA9ED97}.Debug|x86.ActiveCfg = Debug|Any CPU
		{0B00B45F-8DDA-46D7-94FB-9A5D2BA9ED97}.Debug|x86.Build.0 = Debug|Any CPU
		{0B00B45F-8DDA-46D7-94FB-9A5D2BA9ED97}.Release|Any CPU.ActiveCfg = Release|Any CPU
		{0B00B45F-8DDA-46D7-94FB-9A5D2BA9ED97}.Release|Any CPU.Build.0 = Release|Any CPU
		{0B00B45F-8DDA-46D7-94FB-9A5D2BA9ED97}.Release|ARM.ActiveCfg = Release|Any CPU
		{0B00B45F-8DDA-46D7-94FB-9A5D2BA9ED97}.Release|ARM.Build.0 = Release|Any CPU
		{0B00B45F-8DDA-46D7-94FB-9A5D2BA9ED97}.Release|iPhone.ActiveCfg = Release|Any CPU
		{0B00B45F-8DDA-46D7-94FB-9A5D2BA9ED97}.Release|iPhone.Build.0 = Release|Any CPU
		{0B00B45F-8DDA-46D7-94FB-9A5D2BA9ED97}.Release|iPhoneSimulator.ActiveCfg = Release|Any CPU
		{0B00B45F-8DDA-46D7-94FB-9A5D2BA9ED97}.Release|iPhoneSimulator.Build.0 = Release|Any CPU
		{0B00B45F-8DDA-46D7-94FB-9A5D2BA9ED97}.Release|x64.ActiveCfg = Release|Any CPU
		{0B00B45F-8DDA-46D7-94FB-9A5D2BA9ED97}.Release|x64.Build.0 = Release|Any CPU
		{0B00B45F-8DDA-46D7-94FB-9A5D2BA9ED97}.Release|x86.ActiveCfg = Release|Any CPU
		{0B00B45F-8DDA-46D7-94FB-9A5D2BA9ED97}.Release|x86.Build.0 = Release|Any CPU
		{4A4EE07E-C909-4A0A-A219-FA434514660B}.Debug|Any CPU.ActiveCfg = Debug|Any CPU
		{4A4EE07E-C909-4A0A-A219-FA434514660B}.Debug|Any CPU.Build.0 = Debug|Any CPU
		{4A4EE07E-C909-4A0A-A219-FA434514660B}.Debug|ARM.ActiveCfg = Debug|Any CPU
		{4A4EE07E-C909-4A0A-A219-FA434514660B}.Debug|ARM.Build.0 = Debug|Any CPU
		{4A4EE07E-C909-4A0A-A219-FA434514660B}.Debug|iPhone.ActiveCfg = Debug|Any CPU
		{4A4EE07E-C909-4A0A-A219-FA434514660B}.Debug|iPhone.Build.0 = Debug|Any CPU
		{4A4EE07E-C909-4A0A-A219-FA434514660B}.Debug|iPhoneSimulator.ActiveCfg = Debug|Any CPU
		{4A4EE07E-C909-4A0A-A219-FA434514660B}.Debug|iPhoneSimulator.Build.0 = Debug|Any CPU
		{4A4EE07E-C909-4A0A-A219-FA434514660B}.Debug|x64.ActiveCfg = Debug|Any CPU
		{4A4EE07E-C909-4A0A-A219-FA434514660B}.Debug|x64.Build.0 = Debug|Any CPU
		{4A4EE07E-C909-4A0A-A219-FA434514660B}.Debug|x86.ActiveCfg = Debug|Any CPU
		{4A4EE07E-C909-4A0A-A219-FA434514660B}.Debug|x86.Build.0 = Debug|Any CPU
		{4A4EE07E-C909-4A0A-A219-FA434514660B}.Release|Any CPU.ActiveCfg = Release|Any CPU
		{4A4EE07E-C909-4A0A-A219-FA434514660B}.Release|Any CPU.Build.0 = Release|Any CPU
		{4A4EE07E-C909-4A0A-A219-FA434514660B}.Release|ARM.ActiveCfg = Release|Any CPU
		{4A4EE07E-C909-4A0A-A219-FA434514660B}.Release|ARM.Build.0 = Release|Any CPU
		{4A4EE07E-C909-4A0A-A219-FA434514660B}.Release|iPhone.ActiveCfg = Release|Any CPU
		{4A4EE07E-C909-4A0A-A219-FA434514660B}.Release|iPhone.Build.0 = Release|Any CPU
		{4A4EE07E-C909-4A0A-A219-FA434514660B}.Release|iPhoneSimulator.ActiveCfg = Release|Any CPU
		{4A4EE07E-C909-4A0A-A219-FA434514660B}.Release|iPhoneSimulator.Build.0 = Release|Any CPU
		{4A4EE07E-C909-4A0A-A219-FA434514660B}.Release|x64.ActiveCfg = Release|Any CPU
		{4A4EE07E-C909-4A0A-A219-FA434514660B}.Release|x64.Build.0 = Release|Any CPU
		{4A4EE07E-C909-4A0A-A219-FA434514660B}.Release|x86.ActiveCfg = Release|Any CPU
		{4A4EE07E-C909-4A0A-A219-FA434514660B}.Release|x86.Build.0 = Release|Any CPU
		{531DC9C1-447A-4AB7-AA55-42C0818FC2FB}.Debug|Any CPU.ActiveCfg = Debug|Any CPU
		{531DC9C1-447A-4AB7-AA55-42C0818FC2FB}.Debug|Any CPU.Build.0 = Debug|Any CPU
		{531DC9C1-447A-4AB7-AA55-42C0818FC2FB}.Debug|ARM.ActiveCfg = Debug|Any CPU
		{531DC9C1-447A-4AB7-AA55-42C0818FC2FB}.Debug|ARM.Build.0 = Debug|Any CPU
		{531DC9C1-447A-4AB7-AA55-42C0818FC2FB}.Debug|iPhone.ActiveCfg = Debug|Any CPU
		{531DC9C1-447A-4AB7-AA55-42C0818FC2FB}.Debug|iPhone.Build.0 = Debug|Any CPU
		{531DC9C1-447A-4AB7-AA55-42C0818FC2FB}.Debug|iPhoneSimulator.ActiveCfg = Debug|Any CPU
		{531DC9C1-447A-4AB7-AA55-42C0818FC2FB}.Debug|iPhoneSimulator.Build.0 = Debug|Any CPU
		{531DC9C1-447A-4AB7-AA55-42C0818FC2FB}.Debug|x64.ActiveCfg = Debug|Any CPU
		{531DC9C1-447A-4AB7-AA55-42C0818FC2FB}.Debug|x64.Build.0 = Debug|Any CPU
		{531DC9C1-447A-4AB7-AA55-42C0818FC2FB}.Debug|x86.ActiveCfg = Debug|Any CPU
		{531DC9C1-447A-4AB7-AA55-42C0818FC2FB}.Debug|x86.Build.0 = Debug|Any CPU
		{531DC9C1-447A-4AB7-AA55-42C0818FC2FB}.Release|Any CPU.ActiveCfg = Release|Any CPU
		{531DC9C1-447A-4AB7-AA55-42C0818FC2FB}.Release|Any CPU.Build.0 = Release|Any CPU
		{531DC9C1-447A-4AB7-AA55-42C0818FC2FB}.Release|ARM.ActiveCfg = Release|Any CPU
		{531DC9C1-447A-4AB7-AA55-42C0818FC2FB}.Release|ARM.Build.0 = Release|Any CPU
		{531DC9C1-447A-4AB7-AA55-42C0818FC2FB}.Release|iPhone.ActiveCfg = Release|Any CPU
		{531DC9C1-447A-4AB7-AA55-42C0818FC2FB}.Release|iPhone.Build.0 = Release|Any CPU
		{531DC9C1-447A-4AB7-AA55-42C0818FC2FB}.Release|iPhoneSimulator.ActiveCfg = Release|Any CPU
		{531DC9C1-447A-4AB7-AA55-42C0818FC2FB}.Release|iPhoneSimulator.Build.0 = Release|Any CPU
		{531DC9C1-447A-4AB7-AA55-42C0818FC2FB}.Release|x64.ActiveCfg = Release|Any CPU
		{531DC9C1-447A-4AB7-AA55-42C0818FC2FB}.Release|x64.Build.0 = Release|Any CPU
		{531DC9C1-447A-4AB7-AA55-42C0818FC2FB}.Release|x86.ActiveCfg = Release|Any CPU
		{531DC9C1-447A-4AB7-AA55-42C0818FC2FB}.Release|x86.Build.0 = Release|Any CPU
		{3A62527E-7EC1-483A-811D-54EE9BDD6197}.Debug|Any CPU.ActiveCfg = Debug|Any CPU
		{3A62527E-7EC1-483A-811D-54EE9BDD6197}.Debug|Any CPU.Build.0 = Debug|Any CPU
		{3A62527E-7EC1-483A-811D-54EE9BDD6197}.Debug|ARM.ActiveCfg = Debug|Any CPU
		{3A62527E-7EC1-483A-811D-54EE9BDD6197}.Debug|ARM.Build.0 = Debug|Any CPU
		{3A62527E-7EC1-483A-811D-54EE9BDD6197}.Debug|iPhone.ActiveCfg = Debug|Any CPU
		{3A62527E-7EC1-483A-811D-54EE9BDD6197}.Debug|iPhone.Build.0 = Debug|Any CPU
		{3A62527E-7EC1-483A-811D-54EE9BDD6197}.Debug|iPhoneSimulator.ActiveCfg = Debug|Any CPU
		{3A62527E-7EC1-483A-811D-54EE9BDD6197}.Debug|iPhoneSimulator.Build.0 = Debug|Any CPU
		{3A62527E-7EC1-483A-811D-54EE9BDD6197}.Debug|x64.ActiveCfg = Debug|Any CPU
		{3A62527E-7EC1-483A-811D-54EE9BDD6197}.Debug|x64.Build.0 = Debug|Any CPU
		{3A62527E-7EC1-483A-811D-54EE9BDD6197}.Debug|x86.ActiveCfg = Debug|Any CPU
		{3A62527E-7EC1-483A-811D-54EE9BDD6197}.Debug|x86.Build.0 = Debug|Any CPU
		{3A62527E-7EC1-483A-811D-54EE9BDD6197}.Release|Any CPU.ActiveCfg = Release|Any CPU
		{3A62527E-7EC1-483A-811D-54EE9BDD6197}.Release|Any CPU.Build.0 = Release|Any CPU
		{3A62527E-7EC1-483A-811D-54EE9BDD6197}.Release|ARM.ActiveCfg = Release|Any CPU
		{3A62527E-7EC1-483A-811D-54EE9BDD6197}.Release|ARM.Build.0 = Release|Any CPU
		{3A62527E-7EC1-483A-811D-54EE9BDD6197}.Release|iPhone.ActiveCfg = Release|Any CPU
		{3A62527E-7EC1-483A-811D-54EE9BDD6197}.Release|iPhone.Build.0 = Release|Any CPU
		{3A62527E-7EC1-483A-811D-54EE9BDD6197}.Release|iPhoneSimulator.ActiveCfg = Release|Any CPU
		{3A62527E-7EC1-483A-811D-54EE9BDD6197}.Release|iPhoneSimulator.Build.0 = Release|Any CPU
		{3A62527E-7EC1-483A-811D-54EE9BDD6197}.Release|x64.ActiveCfg = Release|Any CPU
		{3A62527E-7EC1-483A-811D-54EE9BDD6197}.Release|x64.Build.0 = Release|Any CPU
		{3A62527E-7EC1-483A-811D-54EE9BDD6197}.Release|x86.ActiveCfg = Release|Any CPU
		{3A62527E-7EC1-483A-811D-54EE9BDD6197}.Release|x86.Build.0 = Release|Any CPU
		{7607660D-3FA8-4F70-BF63-095ACBF1ED08}.Debug|Any CPU.ActiveCfg = Debug|x86
		{7607660D-3FA8-4F70-BF63-095ACBF1ED08}.Debug|ARM.ActiveCfg = Debug|ARM
		{7607660D-3FA8-4F70-BF63-095ACBF1ED08}.Debug|ARM.Build.0 = Debug|ARM
		{7607660D-3FA8-4F70-BF63-095ACBF1ED08}.Debug|ARM.Deploy.0 = Debug|ARM
		{7607660D-3FA8-4F70-BF63-095ACBF1ED08}.Debug|iPhone.ActiveCfg = Debug|x86
		{7607660D-3FA8-4F70-BF63-095ACBF1ED08}.Debug|iPhoneSimulator.ActiveCfg = Debug|x86
		{7607660D-3FA8-4F70-BF63-095ACBF1ED08}.Debug|x64.ActiveCfg = Debug|x64
		{7607660D-3FA8-4F70-BF63-095ACBF1ED08}.Debug|x64.Build.0 = Debug|x64
		{7607660D-3FA8-4F70-BF63-095ACBF1ED08}.Debug|x64.Deploy.0 = Debug|x64
		{7607660D-3FA8-4F70-BF63-095ACBF1ED08}.Debug|x86.ActiveCfg = Debug|x86
		{7607660D-3FA8-4F70-BF63-095ACBF1ED08}.Debug|x86.Build.0 = Debug|x86
		{7607660D-3FA8-4F70-BF63-095ACBF1ED08}.Debug|x86.Deploy.0 = Debug|x86
		{7607660D-3FA8-4F70-BF63-095ACBF1ED08}.Release|Any CPU.ActiveCfg = Release|x86
		{7607660D-3FA8-4F70-BF63-095ACBF1ED08}.Release|ARM.ActiveCfg = Release|ARM
		{7607660D-3FA8-4F70-BF63-095ACBF1ED08}.Release|ARM.Build.0 = Release|ARM
		{7607660D-3FA8-4F70-BF63-095ACBF1ED08}.Release|ARM.Deploy.0 = Release|ARM
		{7607660D-3FA8-4F70-BF63-095ACBF1ED08}.Release|iPhone.ActiveCfg = Release|x86
		{7607660D-3FA8-4F70-BF63-095ACBF1ED08}.Release|iPhoneSimulator.ActiveCfg = Release|x86
		{7607660D-3FA8-4F70-BF63-095ACBF1ED08}.Release|x64.ActiveCfg = Release|x64
		{7607660D-3FA8-4F70-BF63-095ACBF1ED08}.Release|x64.Build.0 = Release|x64
		{7607660D-3FA8-4F70-BF63-095ACBF1ED08}.Release|x64.Deploy.0 = Release|x64
		{7607660D-3FA8-4F70-BF63-095ACBF1ED08}.Release|x86.ActiveCfg = Release|x86
		{7607660D-3FA8-4F70-BF63-095ACBF1ED08}.Release|x86.Build.0 = Release|x86
		{7607660D-3FA8-4F70-BF63-095ACBF1ED08}.Release|x86.Deploy.0 = Release|x86
		{4CA6AF4F-D6BF-4D80-9E7F-219FF6ACE068}.Debug|Any CPU.ActiveCfg = Debug|Any CPU
		{4CA6AF4F-D6BF-4D80-9E7F-219FF6ACE068}.Debug|Any CPU.Build.0 = Debug|Any CPU
		{4CA6AF4F-D6BF-4D80-9E7F-219FF6ACE068}.Debug|Any CPU.Deploy.0 = Debug|Any CPU
		{4CA6AF4F-D6BF-4D80-9E7F-219FF6ACE068}.Debug|ARM.ActiveCfg = Debug|Any CPU
		{4CA6AF4F-D6BF-4D80-9E7F-219FF6ACE068}.Debug|ARM.Build.0 = Debug|Any CPU
		{4CA6AF4F-D6BF-4D80-9E7F-219FF6ACE068}.Debug|ARM.Deploy.0 = Debug|Any CPU
		{4CA6AF4F-D6BF-4D80-9E7F-219FF6ACE068}.Debug|iPhone.ActiveCfg = Debug|Any CPU
		{4CA6AF4F-D6BF-4D80-9E7F-219FF6ACE068}.Debug|iPhone.Build.0 = Debug|Any CPU
		{4CA6AF4F-D6BF-4D80-9E7F-219FF6ACE068}.Debug|iPhone.Deploy.0 = Debug|Any CPU
		{4CA6AF4F-D6BF-4D80-9E7F-219FF6ACE068}.Debug|iPhoneSimulator.ActiveCfg = Debug|Any CPU
		{4CA6AF4F-D6BF-4D80-9E7F-219FF6ACE068}.Debug|iPhoneSimulator.Build.0 = Debug|Any CPU
		{4CA6AF4F-D6BF-4D80-9E7F-219FF6ACE068}.Debug|iPhoneSimulator.Deploy.0 = Debug|Any CPU
		{4CA6AF4F-D6BF-4D80-9E7F-219FF6ACE068}.Debug|x64.ActiveCfg = Debug|Any CPU
		{4CA6AF4F-D6BF-4D80-9E7F-219FF6ACE068}.Debug|x64.Build.0 = Debug|Any CPU
		{4CA6AF4F-D6BF-4D80-9E7F-219FF6ACE068}.Debug|x64.Deploy.0 = Debug|Any CPU
		{4CA6AF4F-D6BF-4D80-9E7F-219FF6ACE068}.Debug|x86.ActiveCfg = Debug|Any CPU
		{4CA6AF4F-D6BF-4D80-9E7F-219FF6ACE068}.Debug|x86.Build.0 = Debug|Any CPU
		{4CA6AF4F-D6BF-4D80-9E7F-219FF6ACE068}.Debug|x86.Deploy.0 = Debug|Any CPU
		{4CA6AF4F-D6BF-4D80-9E7F-219FF6ACE068}.Release|Any CPU.ActiveCfg = Release|Any CPU
		{4CA6AF4F-D6BF-4D80-9E7F-219FF6ACE068}.Release|Any CPU.Build.0 = Release|Any CPU
		{4CA6AF4F-D6BF-4D80-9E7F-219FF6ACE068}.Release|Any CPU.Deploy.0 = Release|Any CPU
		{4CA6AF4F-D6BF-4D80-9E7F-219FF6ACE068}.Release|ARM.ActiveCfg = Release|Any CPU
		{4CA6AF4F-D6BF-4D80-9E7F-219FF6ACE068}.Release|ARM.Build.0 = Release|Any CPU
		{4CA6AF4F-D6BF-4D80-9E7F-219FF6ACE068}.Release|ARM.Deploy.0 = Release|Any CPU
		{4CA6AF4F-D6BF-4D80-9E7F-219FF6ACE068}.Release|iPhone.ActiveCfg = Release|Any CPU
		{4CA6AF4F-D6BF-4D80-9E7F-219FF6ACE068}.Release|iPhone.Build.0 = Release|Any CPU
		{4CA6AF4F-D6BF-4D80-9E7F-219FF6ACE068}.Release|iPhone.Deploy.0 = Release|Any CPU
		{4CA6AF4F-D6BF-4D80-9E7F-219FF6ACE068}.Release|iPhoneSimulator.ActiveCfg = Release|Any CPU
		{4CA6AF4F-D6BF-4D80-9E7F-219FF6ACE068}.Release|iPhoneSimulator.Build.0 = Release|Any CPU
		{4CA6AF4F-D6BF-4D80-9E7F-219FF6ACE068}.Release|iPhoneSimulator.Deploy.0 = Release|Any CPU
		{4CA6AF4F-D6BF-4D80-9E7F-219FF6ACE068}.Release|x64.ActiveCfg = Release|Any CPU
		{4CA6AF4F-D6BF-4D80-9E7F-219FF6ACE068}.Release|x64.Build.0 = Release|Any CPU
		{4CA6AF4F-D6BF-4D80-9E7F-219FF6ACE068}.Release|x64.Deploy.0 = Release|Any CPU
		{4CA6AF4F-D6BF-4D80-9E7F-219FF6ACE068}.Release|x86.ActiveCfg = Release|Any CPU
		{4CA6AF4F-D6BF-4D80-9E7F-219FF6ACE068}.Release|x86.Build.0 = Release|Any CPU
		{4CA6AF4F-D6BF-4D80-9E7F-219FF6ACE068}.Release|x86.Deploy.0 = Release|Any CPU
		{1A01F1FE-6090-4E76-A357-0F537BBFCAD0}.Debug|Any CPU.ActiveCfg = Debug|iPhone
		{1A01F1FE-6090-4E76-A357-0F537BBFCAD0}.Debug|ARM.ActiveCfg = Debug|iPhone
		{1A01F1FE-6090-4E76-A357-0F537BBFCAD0}.Debug|iPhone.ActiveCfg = Debug|iPhone
		{1A01F1FE-6090-4E76-A357-0F537BBFCAD0}.Debug|iPhone.Build.0 = Debug|iPhone
		{1A01F1FE-6090-4E76-A357-0F537BBFCAD0}.Debug|iPhoneSimulator.ActiveCfg = Debug|iPhoneSimulator
		{1A01F1FE-6090-4E76-A357-0F537BBFCAD0}.Debug|iPhoneSimulator.Build.0 = Debug|iPhoneSimulator
		{1A01F1FE-6090-4E76-A357-0F537BBFCAD0}.Debug|x64.ActiveCfg = Debug|iPhone
		{1A01F1FE-6090-4E76-A357-0F537BBFCAD0}.Debug|x86.ActiveCfg = Debug|iPhone
		{1A01F1FE-6090-4E76-A357-0F537BBFCAD0}.Release|Any CPU.ActiveCfg = Release|iPhone
		{1A01F1FE-6090-4E76-A357-0F537BBFCAD0}.Release|ARM.ActiveCfg = Release|iPhone
		{1A01F1FE-6090-4E76-A357-0F537BBFCAD0}.Release|iPhone.ActiveCfg = Release|iPhone
		{1A01F1FE-6090-4E76-A357-0F537BBFCAD0}.Release|iPhone.Build.0 = Release|iPhone
		{1A01F1FE-6090-4E76-A357-0F537BBFCAD0}.Release|iPhoneSimulator.ActiveCfg = Release|iPhoneSimulator
		{1A01F1FE-6090-4E76-A357-0F537BBFCAD0}.Release|iPhoneSimulator.Build.0 = Release|iPhoneSimulator
		{1A01F1FE-6090-4E76-A357-0F537BBFCAD0}.Release|x64.ActiveCfg = Release|iPhone
		{1A01F1FE-6090-4E76-A357-0F537BBFCAD0}.Release|x86.ActiveCfg = Release|iPhone
		{3FB25C16-3259-4E6B-A205-F3328FC2B9B4}.Debug|Any CPU.ActiveCfg = Debug|Any CPU
		{3FB25C16-3259-4E6B-A205-F3328FC2B9B4}.Debug|Any CPU.Build.0 = Debug|Any CPU
		{3FB25C16-3259-4E6B-A205-F3328FC2B9B4}.Debug|ARM.ActiveCfg = Debug|Any CPU
		{3FB25C16-3259-4E6B-A205-F3328FC2B9B4}.Debug|ARM.Build.0 = Debug|Any CPU
		{3FB25C16-3259-4E6B-A205-F3328FC2B9B4}.Debug|iPhone.ActiveCfg = Debug|Any CPU
		{3FB25C16-3259-4E6B-A205-F3328FC2B9B4}.Debug|iPhone.Build.0 = Debug|Any CPU
		{3FB25C16-3259-4E6B-A205-F3328FC2B9B4}.Debug|iPhoneSimulator.ActiveCfg = Debug|Any CPU
		{3FB25C16-3259-4E6B-A205-F3328FC2B9B4}.Debug|iPhoneSimulator.Build.0 = Debug|Any CPU
		{3FB25C16-3259-4E6B-A205-F3328FC2B9B4}.Debug|x64.ActiveCfg = Debug|Any CPU
		{3FB25C16-3259-4E6B-A205-F3328FC2B9B4}.Debug|x64.Build.0 = Debug|Any CPU
		{3FB25C16-3259-4E6B-A205-F3328FC2B9B4}.Debug|x86.ActiveCfg = Debug|Any CPU
		{3FB25C16-3259-4E6B-A205-F3328FC2B9B4}.Debug|x86.Build.0 = Debug|Any CPU
		{3FB25C16-3259-4E6B-A205-F3328FC2B9B4}.Release|Any CPU.ActiveCfg = Release|Any CPU
		{3FB25C16-3259-4E6B-A205-F3328FC2B9B4}.Release|Any CPU.Build.0 = Release|Any CPU
		{3FB25C16-3259-4E6B-A205-F3328FC2B9B4}.Release|ARM.ActiveCfg = Release|Any CPU
		{3FB25C16-3259-4E6B-A205-F3328FC2B9B4}.Release|ARM.Build.0 = Release|Any CPU
		{3FB25C16-3259-4E6B-A205-F3328FC2B9B4}.Release|iPhone.ActiveCfg = Release|Any CPU
		{3FB25C16-3259-4E6B-A205-F3328FC2B9B4}.Release|iPhone.Build.0 = Release|Any CPU
		{3FB25C16-3259-4E6B-A205-F3328FC2B9B4}.Release|iPhoneSimulator.ActiveCfg = Release|Any CPU
		{3FB25C16-3259-4E6B-A205-F3328FC2B9B4}.Release|iPhoneSimulator.Build.0 = Release|Any CPU
		{3FB25C16-3259-4E6B-A205-F3328FC2B9B4}.Release|x64.ActiveCfg = Release|Any CPU
		{3FB25C16-3259-4E6B-A205-F3328FC2B9B4}.Release|x64.Build.0 = Release|Any CPU
		{3FB25C16-3259-4E6B-A205-F3328FC2B9B4}.Release|x86.ActiveCfg = Release|Any CPU
		{3FB25C16-3259-4E6B-A205-F3328FC2B9B4}.Release|x86.Build.0 = Release|Any CPU
	EndGlobalSection
	GlobalSection(SolutionProperties) = preSolution
		HideSolutionNode = FALSE
	EndGlobalSection
	GlobalSection(NestedProjects) = preSolution
		{7AA8B22E-1E61-4052-A73D-5AA9417D1E0C} = {383C9FB0-B2C5-49C0-B202-FC926A307A98}
		{7607660D-3FA8-4F70-BF63-095ACBF1ED08} = {7AA8B22E-1E61-4052-A73D-5AA9417D1E0C}
		{4CA6AF4F-D6BF-4D80-9E7F-219FF6ACE068} = {7AA8B22E-1E61-4052-A73D-5AA9417D1E0C}
		{1A01F1FE-6090-4E76-A357-0F537BBFCAD0} = {7AA8B22E-1E61-4052-A73D-5AA9417D1E0C}
		{3FB25C16-3259-4E6B-A205-F3328FC2B9B4} = {7AA8B22E-1E61-4052-A73D-5AA9417D1E0C}
	EndGlobalSection
	GlobalSection(ExtensibilityGlobals) = postSolution
		SolutionGuid = {A292F9E1-3DB7-4079-8722-A3B7438F8FCE}
	EndGlobalSection
EndGlobal
